
Microsoft Visual Studio Solution File, Format Version 12.00
# Visual Studio Version 16
VisualStudioVersion = 16.0.29209.62
MinimumVisualStudioVersion = 10.0.40219.1
Project("{9A19103F-16F7-4668-BE54-9A1E7A4F7556}") = "DiaryApp.Core", "DiaryApp.Core\DiaryApp.Core.csproj", "{C9888D10-CFA7-47CC-AFAF-DE9766C231E3}"
EndProject
Project("{9A19103F-16F7-4668-BE54-9A1E7A4F7556}") = "DiaryApp.API", "DiaryApp.API\DiaryApp.API.csproj", "{551F71B3-7172-4361-A163-DA9EFD82E17D}"
EndProject
Project("{9A19103F-16F7-4668-BE54-9A1E7A4F7556}") = "DiaryApp.Data", "DiaryApp.Data\DiaryApp.Data.csproj", "{37AFBFC6-A686-44BD-82C1-86DD1B1B8D6D}"
EndProject
Project("{FAE04EC0-301F-11D3-BF4B-00C04F79EFBC}") = "DiaryApp.Tests", "DiaryApp.Tests\DiaryApp.Tests.csproj", "{383BB263-467B-44CE-8614-7A17BF19BC75}"
EndProject
Global
	GlobalSection(SolutionConfigurationPlatforms) = preSolution
		Debug|Any CPU = Debug|Any CPU
		Release|Any CPU = Release|Any CPU
	EndGlobalSection
	GlobalSection(ProjectConfigurationPlatforms) = postSolution
		{C9888D10-CFA7-47CC-AFAF-DE9766C231E3}.Debug|Any CPU.ActiveCfg = Debug|Any CPU
		{C9888D10-CFA7-47CC-AFAF-DE9766C231E3}.Debug|Any CPU.Build.0 = Debug|Any CPU
		{C9888D10-CFA7-47CC-AFAF-DE9766C231E3}.Release|Any CPU.ActiveCfg = Release|Any CPU
		{C9888D10-CFA7-47CC-AFAF-DE9766C231E3}.Release|Any CPU.Build.0 = Release|Any CPU
		{551F71B3-7172-4361-A163-DA9EFD82E17D}.Debug|Any CPU.ActiveCfg = Debug|Any CPU
		{551F71B3-7172-4361-A163-DA9EFD82E17D}.Debug|Any CPU.Build.0 = Debug|Any CPU
		{551F71B3-7172-4361-A163-DA9EFD82E17D}.Release|Any CPU.ActiveCfg = Release|Any CPU
		{551F71B3-7172-4361-A163-DA9EFD82E17D}.Release|Any CPU.Build.0 = Release|Any CPU
		{37AFBFC6-A686-44BD-82C1-86DD1B1B8D6D}.Debug|Any CPU.ActiveCfg = Debug|Any CPU
		{37AFBFC6-A686-44BD-82C1-86DD1B1B8D6D}.Debug|Any CPU.Build.0 = Debug|Any CPU
		{37AFBFC6-A686-44BD-82C1-86DD1B1B8D6D}.Release|Any CPU.ActiveCfg = Release|Any CPU
		{37AFBFC6-A686-44BD-82C1-86DD1B1B8D6D}.Release|Any CPU.Build.0 = Release|Any CPU
		{383BB263-467B-44CE-8614-7A17BF19BC75}.Debug|Any CPU.ActiveCfg = Debug|Any CPU
		{383BB263-467B-44CE-8614-7A17BF19BC75}.Debug|Any CPU.Build.0 = Debug|Any CPU
		{383BB263-467B-44CE-8614-7A17BF19BC75}.Release|Any CPU.ActiveCfg = Release|Any CPU
		{383BB263-467B-44CE-8614-7A17BF19BC75}.Release|Any CPU.Build.0 = Release|Any CPU
	EndGlobalSection
	GlobalSection(SolutionProperties) = preSolution
		HideSolutionNode = FALSE
	EndGlobalSection
	GlobalSection(ExtensibilityGlobals) = postSolution
		SolutionGuid = {D2794FC6-24C6-42EF-A130-37DEB66396F1}
	EndGlobalSection
EndGlobal
